
Microsoft Visual Studio Solution File, Format Version 12.00
# Visual Studio Version 17
VisualStudioVersion = 17.0.31903.59
MinimumVisualStudioVersion = 10.0.40219.1
Project("{FAE04EC0-301F-11D3-BF4B-00C04F79EFBC}") = "MyGame", "MyGame\MyGame.csproj", "{18975B52-503E-4BE5-AF96-7B300754C388}"
EndProject
Project("{FAE04EC0-301F-11D3-BF4B-00C04F79EFBC}") = "GameTests", "GameTests\GameTests.csproj", "{EC0DEE9E-B3D3-4568-8C78-C44C7A600C40}"
EndProject
Project("{FAE04EC0-301F-11D3-BF4B-00C04F79EFBC}") = "Game.Business", "Game.Business\Game.Business.csproj", "{128C5232-AFF0-4DB9-97A8-413322BB2903}"
EndProject
Global
	GlobalSection(SolutionConfigurationPlatforms) = preSolution
		Debug|Any CPU = Debug|Any CPU
		Release|Any CPU = Release|Any CPU
	EndGlobalSection
	GlobalSection(SolutionProperties) = preSolution
		HideSolutionNode = FALSE
	EndGlobalSection
	GlobalSection(ProjectConfigurationPlatforms) = postSolution
		{18975B52-503E-4BE5-AF96-7B300754C388}.Debug|Any CPU.ActiveCfg = Debug|Any CPU
		{18975B52-503E-4BE5-AF96-7B300754C388}.Debug|Any CPU.Build.0 = Debug|Any CPU
		{18975B52-503E-4BE5-AF96-7B300754C388}.Release|Any CPU.ActiveCfg = Release|Any CPU
		{18975B52-503E-4BE5-AF96-7B300754C388}.Release|Any CPU.Build.0 = Release|Any CPU
		{EC0DEE9E-B3D3-4568-8C78-C44C7A600C40}.Debug|Any CPU.ActiveCfg = Debug|Any CPU
		{EC0DEE9E-B3D3-4568-8C78-C44C7A600C40}.Debug|Any CPU.Build.0 = Debug|Any CPU
		{EC0DEE9E-B3D3-4568-8C78-C44C7A600C40}.Release|Any CPU.ActiveCfg = Release|Any CPU
		{EC0DEE9E-B3D3-4568-8C78-C44C7A600C40}.Release|Any CPU.Build.0 = Release|Any CPU
		{128C5232-AFF0-4DB9-97A8-413322BB2903}.Debug|Any CPU.ActiveCfg = Debug|Any CPU
		{128C5232-AFF0-4DB9-97A8-413322BB2903}.Debug|Any CPU.Build.0 = Debug|Any CPU
		{128C5232-AFF0-4DB9-97A8-413322BB2903}.Release|Any CPU.ActiveCfg = Release|Any CPU
		{128C5232-AFF0-4DB9-97A8-413322BB2903}.Release|Any CPU.Build.0 = Release|Any CPU
	EndGlobalSection
EndGlobal
